
Microsoft Visual Studio Solution File, Format Version 12.00
# Visual Studio Version 16
VisualStudioVersion = 16.0.31402.337
MinimumVisualStudioVersion = 10.0.40219.1
Project("{9A19103F-16F7-4668-BE54-9A1E7A4F7556}") = "BlazorJSProxy", "BlazorJSProxy.csproj", "{B0589155-205E-4384-836A-9D0E17F7E1EF}"
EndProject
Project("{FAE04EC0-301F-11D3-BF4B-00C04F79EFBC}") = "ClassLibrary1", ".\ClassLibrary1\ClassLibrary1.csproj", "{67DCA738-7F31-459F-9B0D-A193BBB8B3F3}"
EndProject
Global
	GlobalSection(SolutionConfigurationPlatforms) = preSolution
		Debug|Any CPU = Debug|Any CPU
		Release|Any CPU = Release|Any CPU
	EndGlobalSection
	GlobalSection(ProjectConfigurationPlatforms) = postSolution
		{B0589155-205E-4384-836A-9D0E17F7E1EF}.Debug|Any CPU.ActiveCfg = Debug|Any CPU
		{B0589155-205E-4384-836A-9D0E17F7E1EF}.Debug|Any CPU.Build.0 = Debug|Any CPU
		{B0589155-205E-4384-836A-9D0E17F7E1EF}.Release|Any CPU.ActiveCfg = Release|Any CPU
		{B0589155-205E-4384-836A-9D0E17F7E1EF}.Release|Any CPU.Build.0 = Release|Any CPU
		{67DCA738-7F31-459F-9B0D-A193BBB8B3F3}.Debug|Any CPU.ActiveCfg = Debug|Any CPU
		{67DCA738-7F31-459F-9B0D-A193BBB8B3F3}.Debug|Any CPU.Build.0 = Debug|Any CPU
		{67DCA738-7F31-459F-9B0D-A193BBB8B3F3}.Release|Any CPU.ActiveCfg = Release|Any CPU
		{67DCA738-7F31-459F-9B0D-A193BBB8B3F3}.Release|Any CPU.Build.0 = Release|Any CPU
	EndGlobalSection
	GlobalSection(SolutionProperties) = preSolution
		HideSolutionNode = FALSE
	EndGlobalSection
	GlobalSection(ExtensibilityGlobals) = postSolution
		SolutionGuid = {EC0C752E-4CA7-46E7-B645-EBFF727AD663}
	EndGlobalSection
EndGlobal
